{
  "name": "map-viewer",
  "version": "0.0.1",
  "lockfileVersion": 1,
  "requires": true,
  "dependencies": {
    "@babel/runtime": {
      "version": "7.12.5",
      "resolved": "https://registry.npmjs.org/@babel/runtime/-/runtime-7.12.5.tgz",
      "integrity": "sha512-plcc+hbExy3McchJCEQG3knOsuh3HH+Prx1P6cLIkET/0dLuQDEnrT+s27Axgc9bqfsmNUNHfscgMUdBpC9xfg==",
      "requires": {
        "regenerator-runtime": "^0.13.4"
      }
    },
    "@deck.gl/core": {
      "version": "8.3.5",
      "resolved": "https://registry.npmjs.org/@deck.gl/core/-/core-8.3.5.tgz",
      "integrity": "sha512-m086Q1bfGd/VEhPrtYvoJojN8u/hZICO068H+eQquJsqYyUW//RXM5nA7Y7vvZ15oKbYbfwVWLP92pUQW8kUSA==",
      "requires": {
        "@loaders.gl/core": "^2.3.0",
        "@loaders.gl/images": "^2.3.0",
        "@luma.gl/core": "^8.3.1",
        "@math.gl/web-mercator": "^3.3.0",
        "gl-matrix": "^3.0.0",
        "math.gl": "^3.3.0",
        "mjolnir.js": "^2.3.0",
        "probe.gl": "^3.2.1"
      }
    },
    "@deck.gl/geo-layers": {
      "version": "8.3.5",
      "resolved": "https://registry.npmjs.org/@deck.gl/geo-layers/-/geo-layers-8.3.5.tgz",
      "integrity": "sha512-lQj/vBprNRDVwTglPNejUm7HiYC0Yaj5NtWQBmy0x/bpxmNK7fStod4sVxzK/C/4CrcS6fIGZ8u4IaDZfNQR3g==",
      "requires": {
        "@loaders.gl/3d-tiles": "^2.3.0",
        "@loaders.gl/loader-utils": "^2.3.0",
        "@loaders.gl/mvt": "^2.3.0",
        "@loaders.gl/terrain": "^2.3.0",
        "@loaders.gl/tiles": "^2.3.0",
        "@math.gl/culling": "^3.3.0",
        "@math.gl/web-mercator": "^3.3.0",
        "h3-js": "^3.6.0",
        "long": "^3.2.0",
        "math.gl": "^3.3.0"
      }
    },
    "@deck.gl/layers": {
      "version": "8.3.5",
      "resolved": "https://registry.npmjs.org/@deck.gl/layers/-/layers-8.3.5.tgz",
      "integrity": "sha512-liFshEaLVS1+n843WYoJ2sulWBJxR9kQ3N/HRHoeYuGQ1ebhVkc+kPGfJ0At4GmWKNE5yn7MQIPQkpizM+TUiA==",
      "requires": {
        "@loaders.gl/images": "^2.3.0",
        "@mapbox/tiny-sdf": "^1.1.0",
        "@math.gl/polygon": "^3.3.0",
        "earcut": "^2.0.6"
      }
    },
    "@deck.gl/mesh-layers": {
      "version": "8.3.5",
      "resolved": "https://registry.npmjs.org/@deck.gl/mesh-layers/-/mesh-layers-8.3.5.tgz",
      "integrity": "sha512-qh8oeXwWSco1Cxh20EpGMn1jIX3qbrCFsbRe/3EZ/hyg62CxZHirpvbVdZld84FoWf+JSKdQXRMjzTJS86s6+A==",
      "requires": {
        "@luma.gl/experimental": "^8.3.1",
        "@luma.gl/shadertools": "^8.3.1"
      }
    },
    "@loaders.gl/3d-tiles": {
      "version": "2.3.1",
      "resolved": "https://registry.npmjs.org/@loaders.gl/3d-tiles/-/3d-tiles-2.3.1.tgz",
      "integrity": "sha512-jifpt+a2yJyPXhJl7dXf0iWC5M+YVmmHEWvgj7iNUstFgBEp2HBTbxH2Le9PJaTxkIG/GcPv+hCTCCyg8AqYtA==",
      "requires": {
        "@loaders.gl/core": "2.3.1",
        "@loaders.gl/draco": "2.3.1",
        "@loaders.gl/gltf": "2.3.1",
        "@loaders.gl/loader-utils": "2.3.1",
        "@loaders.gl/math": "2.3.1",
        "@loaders.gl/tiles": "2.3.1",
        "@math.gl/core": "^3.3.0",
        "@math.gl/geospatial": "^3.3.0",
        "@probe.gl/stats": "^3.3.0"
      }
    },
    "@loaders.gl/core": {
      "version": "2.3.1",
      "resolved": "https://registry.npmjs.org/@loaders.gl/core/-/core-2.3.1.tgz",
      "integrity": "sha512-6d5VRx+C16NOZxanGx18vfT576m909/3ljyE6pXw/1UJRuF14ypapGrIrYWXF/V2lOZ4jrGvVRlGBDFQqMI7rQ==",
      "requires": {
        "@babel/runtime": "^7.3.1",
        "@loaders.gl/loader-utils": "2.3.1"
      }
    },
    "@loaders.gl/draco": {
      "version": "2.3.1",
      "resolved": "https://registry.npmjs.org/@loaders.gl/draco/-/draco-2.3.1.tgz",
      "integrity": "sha512-3xAxJ6JxqPFMmDrZTG5pNqR46xDpbxUCXqDIrCfa/RaJ5tF9j92O8pl/ULuMOwLiGqnST9aPiXLjmXejojV8oQ==",
      "requires": {
        "@babel/runtime": "^7.3.1",
        "@loaders.gl/loader-utils": "2.3.1",
        "draco3d": "^1.3.6"
      }
    },
    "@loaders.gl/gis": {
      "version": "2.3.1",
      "resolved": "https://registry.npmjs.org/@loaders.gl/gis/-/gis-2.3.1.tgz",
      "integrity": "sha512-nYaeQPAQ/juyhcFsqtxdYN3z39cpCu9kuQgIENeNu3AULcIRRf0w5qNlmgJow52XNHCWLE3uFxNCtiqtBI1RRg==",
      "requires": {
        "@loaders.gl/loader-utils": "2.3.1",
        "@mapbox/vector-tile": "^1.3.1",
        "pbf": "^3.2.1"
      }
    },
    "@loaders.gl/gltf": {
      "version": "2.3.1",
      "resolved": "https://registry.npmjs.org/@loaders.gl/gltf/-/gltf-2.3.1.tgz",
      "integrity": "sha512-i1KU0LycC3TKHlB05e3uocT+M0hNx+dXJ8LEfVNynluvp937oQXyo2+Af87YMgjRC+gHKx2jXOVzl+YlrMuUQQ==",
      "requires": {
        "@loaders.gl/core": "2.3.1",
        "@loaders.gl/draco": "2.3.1",
        "@loaders.gl/images": "2.3.1",
        "@loaders.gl/loader-utils": "2.3.1"
      }
    },
    "@loaders.gl/images": {
      "version": "2.3.1",
      "resolved": "https://registry.npmjs.org/@loaders.gl/images/-/images-2.3.1.tgz",
      "integrity": "sha512-hhRLPXeQu+vEySH02Q21GvYVYXQhVjlxHlMxVrOas1NcDt0utrtmYFaSdPRBzHnuV6yIroJ1DzKGfU9UbEquvQ==",
      "requires": {
        "@loaders.gl/loader-utils": "2.3.1"
      }
    },
    "@loaders.gl/loader-utils": {
      "version": "2.3.1",
      "resolved": "https://registry.npmjs.org/@loaders.gl/loader-utils/-/loader-utils-2.3.1.tgz",
      "integrity": "sha512-8h0k96Hxxao+hWZNNtd+9PbiK+5epufKoG8IoEddbFeDhlp7wvwRmi0uYf2Qxkn40Vlq23STmbE0CBI0no3pUQ==",
      "requires": {
        "@babel/runtime": "^7.3.1",
        "@probe.gl/stats": "^3.3.0"
      }
    },
    "@loaders.gl/math": {
      "version": "2.3.1",
      "resolved": "https://registry.npmjs.org/@loaders.gl/math/-/math-2.3.1.tgz",
      "integrity": "sha512-J8y7esll8ihmWiGyJt5sxiPw48H0tXSzaEUxnqSSnaOURW4hmTXf7+sjFOsBJplfYzGyl5hdhsFmsUd3neoYcQ==",
      "requires": {
        "@loaders.gl/images": "2.3.1",
        "@loaders.gl/loader-utils": "2.3.1",
        "@math.gl/core": "^3.3.0"
      }
    },
    "@loaders.gl/mvt": {
      "version": "2.3.1",
      "resolved": "https://registry.npmjs.org/@loaders.gl/mvt/-/mvt-2.3.1.tgz",
      "integrity": "sha512-R564gAz1uFsuZtf3WZ1jXIE/92xmZBpCfUJZZS94mJjG+DuZSEqWi10jrNOdldTyNXWPRXFW82y3ABF2pqgAUQ==",
      "requires": {
        "@loaders.gl/gis": "2.3.1",
        "@loaders.gl/loader-utils": "2.3.1",
        "@mapbox/point-geometry": "~0.1.0",
        "@mapbox/vector-tile": "^1.3.1",
        "pbf": "^3.2.1"
      }
    },
    "@loaders.gl/terrain": {
      "version": "2.3.1",
      "resolved": "https://registry.npmjs.org/@loaders.gl/terrain/-/terrain-2.3.1.tgz",
      "integrity": "sha512-mN+Xfvm7VAulH0rdHbudek6QYDu4idjHxcqeN6wjCbzXrgcI4Y6d8AXN7BTfG+cjz+18E1DP9qNhojoVl8NeNQ==",
      "requires": {
        "@babel/runtime": "^7.3.1",
        "@loaders.gl/loader-utils": "2.3.1",
        "@mapbox/martini": "^0.2.0"
      }
    },
    "@loaders.gl/tiles": {
      "version": "2.3.1",
      "resolved": "https://registry.npmjs.org/@loaders.gl/tiles/-/tiles-2.3.1.tgz",
      "integrity": "sha512-Wbu03PB8z0l+VY0dIsq0mwAkQuXHNBaIPT9Cg89Q1SWFoCyWYkBilSYmV5eUX1kFLF8PZ9nXviLgq6RrPLlDEQ==",
      "requires": {
        "@loaders.gl/core": "2.3.1",
        "@loaders.gl/loader-utils": "2.3.1",
        "@loaders.gl/math": "2.3.1",
        "@math.gl/core": "^3.3.0",
        "@math.gl/culling": "^3.3.0",
        "@math.gl/geospatial": "^3.3.0",
        "@math.gl/web-mercator": "^3.3.0",
        "@probe.gl/stats": "^3.3.0"
      }
    },
    "@luma.gl/constants": {
      "version": "8.3.1",
      "resolved": "https://registry.npmjs.org/@luma.gl/constants/-/constants-8.3.1.tgz",
      "integrity": "sha512-3b2RScz7TSwsrHjRx1iYvyn46fKXtR/mOSyFOPiRx+15FOLBdkYL2DPpaJAZ5fU9Rx7ToazJiWW1Mzgn6z2d0A=="
    },
    "@luma.gl/core": {
      "version": "8.3.1",
      "resolved": "https://registry.npmjs.org/@luma.gl/core/-/core-8.3.1.tgz",
      "integrity": "sha512-QMVxS83HQpVQ8D/74/A20fl1Wz7qLuV5bQuVZhvQ6bkHb8A6gAZMWr4Y2gpWNJTStWJuDkzAL8pB3us1jWCg2Q==",
      "requires": {
        "@babel/runtime": "^7.0.0",
        "@luma.gl/constants": "8.3.1",
        "@luma.gl/engine": "8.3.1",
        "@luma.gl/shadertools": "8.3.1",
        "@luma.gl/webgl": "8.3.1"
      }
    },
    "@luma.gl/engine": {
      "version": "8.3.1",
      "resolved": "https://registry.npmjs.org/@luma.gl/engine/-/engine-8.3.1.tgz",
      "integrity": "sha512-oE7sNmSihLeMCCrGYx6hv3g1GZAcNUbL8XKAQQNxs7Bo4abGIURuHFEc9mpT90YtEtkQcg2OewykeZT9jD9mIg==",
      "requires": {
        "@babel/runtime": "^7.0.0",
        "@luma.gl/constants": "8.3.1",
        "@luma.gl/gltools": "8.3.1",
        "@luma.gl/shadertools": "8.3.1",
        "@luma.gl/webgl": "8.3.1",
        "math.gl": "^3.3.0",
        "probe.gl": "^3.2.1"
      }
    },
    "@luma.gl/experimental": {
      "version": "8.3.1",
      "resolved": "https://registry.npmjs.org/@luma.gl/experimental/-/experimental-8.3.1.tgz",
      "integrity": "sha512-yN6UYqQ8bi6dCxjsoDIkDP3v7ul6W8K9vseq6wT73Qjn/+4vUDxe/yHgMmRXxik/CJDEWxb3RJhU6ZNf7uSLmA==",
      "requires": {
        "@luma.gl/constants": "8.3.1",
        "earcut": "^2.0.6",
        "math.gl": "^3.3.0"
      }
    },
    "@luma.gl/gltools": {
      "version": "8.3.1",
      "resolved": "https://registry.npmjs.org/@luma.gl/gltools/-/gltools-8.3.1.tgz",
      "integrity": "sha512-l/mnVSG5ioW19eZHMJlOD6crR58fwmdLoEKooXhnHiHofZ37h9HNlRlDf0XZIJPe4H4KLUM+Vv9VK0hqRrZHqA==",
      "requires": {
        "@babel/runtime": "^7.0.0",
        "@luma.gl/constants": "8.3.1",
        "probe.gl": "^3.2.1"
      }
    },
    "@luma.gl/shadertools": {
      "version": "8.3.1",
      "resolved": "https://registry.npmjs.org/@luma.gl/shadertools/-/shadertools-8.3.1.tgz",
      "integrity": "sha512-y9s1R0Uv64QooGKROkNCvPKJd5CJDQ21wxJt5FH/E98F0z4IcJXzKWu1num/XG23eSJyQpIf7qsSqvXDBfm/fA==",
      "requires": {
        "@babel/runtime": "^7.0.0",
        "math.gl": "^3.3.0"
      }
    },
    "@luma.gl/webgl": {
      "version": "8.3.1",
      "resolved": "https://registry.npmjs.org/@luma.gl/webgl/-/webgl-8.3.1.tgz",
      "integrity": "sha512-lsGo5Pp/hPlKj1emErRAUvOBxztU/goltBh3hfhg7BoKdlEa6EJcfjqX+YkCmfc8bbp7QePM7mj+1ZsrzKhlgg==",
      "requires": {
        "@babel/runtime": "^7.0.0",
        "@luma.gl/constants": "8.3.1",
        "@luma.gl/gltools": "8.3.1",
        "probe.gl": "^3.2.1"
      }
    },
    "@mapbox/martini": {
      "version": "0.2.0",
      "resolved": "https://registry.npmjs.org/@mapbox/martini/-/martini-0.2.0.tgz",
      "integrity": "sha512-7hFhtkb0KTLEls+TRw/rWayq5EeHtTaErgm/NskVoXmtgAQu/9D299aeyj6mzAR/6XUnYRp2lU+4IcrYRFjVsQ=="
    },
    "@mapbox/point-geometry": {
      "version": "0.1.0",
      "resolved": "https://registry.npmjs.org/@mapbox/point-geometry/-/point-geometry-0.1.0.tgz",
      "integrity": "sha1-ioP5M1x4YO/6Lu7KJUMyqgru2PI="
    },
    "@mapbox/tiny-sdf": {
      "version": "1.1.1",
      "resolved": "https://registry.npmjs.org/@mapbox/tiny-sdf/-/tiny-sdf-1.1.1.tgz",
      "integrity": "sha512-Ihn1nZcGIswJ5XGbgFAvVumOgWpvIjBX9jiRlIl46uQG9vJOF51ViBYHF95rEZupuyQbEmhLaDPLQlU7fUTsBg=="
    },
    "@mapbox/vector-tile": {
      "version": "1.3.1",
      "resolved": "https://registry.npmjs.org/@mapbox/vector-tile/-/vector-tile-1.3.1.tgz",
      "integrity": "sha512-MCEddb8u44/xfQ3oD+Srl/tNcQoqTw3goGk2oLsrFxOTc3dUp+kAnby3PvAeeBYSMSjSPD1nd1AJA6W49WnoUw==",
      "requires": {
        "@mapbox/point-geometry": "~0.1.0"
      }
    },
    "@math.gl/core": {
      "version": "3.3.0",
      "resolved": "https://registry.npmjs.org/@math.gl/core/-/core-3.3.0.tgz",
      "integrity": "sha512-3ghPZ3YRX+72wNoUEs8npwUcP3kOvaTZrLHxL+tDydvULkLLcOfwPisylNm3yFwRfyn9YownBbxlqa/PsbWPNg==",
      "requires": {
        "@babel/runtime": "^7.0.0",
        "gl-matrix": "^3.0.0"
      }
    },
    "@math.gl/culling": {
      "version": "3.3.0",
      "resolved": "https://registry.npmjs.org/@math.gl/culling/-/culling-3.3.0.tgz",
      "integrity": "sha512-STNAH/pl3f4b/J45QHMGI8eLRXsUr3Q/GfMMGzi7zAd5uljSWiQ42m3QvQBVyrsC/IjIhTCBDFeHHPWhCclIXg==",
      "requires": {
        "@babel/runtime": "^7.0.0",
        "@math.gl/core": "3.3.0",
        "gl-matrix": "^3.0.0"
      }
    },
    "@math.gl/geospatial": {
      "version": "3.3.0",
      "resolved": "https://registry.npmjs.org/@math.gl/geospatial/-/geospatial-3.3.0.tgz",
      "integrity": "sha512-3PIQKBXQHOk8j+c7/BllBPvi8WiphpFJ/aIh2jWzTxNVSCME+yESwfbNVvcUhdQrAyTWYURNPFB26M9HU6FBoQ==",
      "requires": {
        "@babel/runtime": "^7.0.0",
        "@math.gl/core": "3.3.0",
        "gl-matrix": "^3.0.0"
      }
    },
    "@math.gl/polygon": {
      "version": "3.3.0",
      "resolved": "https://registry.npmjs.org/@math.gl/polygon/-/polygon-3.3.0.tgz",
      "integrity": "sha512-wg7259E1IVOblJy/dsQETv4Ng4Tr3fgnwzIK9oJaYZj8jljVCdub2TfLgcEtfkXF/w1dhiAqA8WYbk32Dfz2uQ==",
      "requires": {
        "@math.gl/core": "3.3.0"
      }
    },
    "@math.gl/web-mercator": {
      "version": "3.3.0",
      "resolved": "https://registry.npmjs.org/@math.gl/web-mercator/-/web-mercator-3.3.0.tgz",
      "integrity": "sha512-ZVy30WxBhR13yma/CZ93fpdfO7FCC1dIhxE3L/1PmkzVgVk/NmA0L//u8Y8QoEV3D6YC1TyeXmWBNONRNxcIkw==",
      "requires": {
        "@babel/runtime": "^7.0.0",
        "gl-matrix": "^3.0.0"
      }
    },
    "@probe.gl/stats": {
      "version": "3.3.0",
      "resolved": "https://registry.npmjs.org/@probe.gl/stats/-/stats-3.3.0.tgz",
      "integrity": "sha512-CV4c3EgallqZTO88u34/u9L5asL0nCVP1BEkb4qcXlh8Qz2Vmygbyjz1ViQsct6rSi2lJ52lo6W0PnlpZJJvcA==",
      "requires": {
        "@babel/runtime": "^7.0.0"
      }
    },
    "@stencil/core": {
      "version": "2.2.0",
      "resolved": "https://registry.npmjs.org/@stencil/core/-/core-2.2.0.tgz",
      "integrity": "sha512-2V+DEUs9wvkcgnIIs0huye/M1v7x6qEzeOjp056RQlB08U1I4ex3vnBoE0/CrR35wK3ZZv2JYPOfBUuqR+6AAg=="
    },
    "draco3d": {
      "version": "1.3.6",
      "resolved": "https://registry.npmjs.org/draco3d/-/draco3d-1.3.6.tgz",
      "integrity": "sha512-zZoH5JNcdWDrUb2ks2mbzGDUUPvDaDf1ysTJS2St+3/F/8XcKAX4VKgzPjTP7MfHegHQ7Udv8ovS+R3AgXlH7g=="
    },
    "earcut": {
      "version": "2.2.2",
      "resolved": "https://registry.npmjs.org/earcut/-/earcut-2.2.2.tgz",
      "integrity": "sha512-eZoZPPJcUHnfRZ0PjLvx2qBordSiO8ofC3vt+qACLM95u+4DovnbYNpQtJh0DNsWj8RnxrQytD4WA8gj5cRIaQ=="
    },
    "gl-matrix": {
      "version": "3.3.0",
      "resolved": "https://registry.npmjs.org/gl-matrix/-/gl-matrix-3.3.0.tgz",
      "integrity": "sha512-COb7LDz+SXaHtl/h4LeaFcNdJdAQSDeVqjiIihSXNrkWObZLhDI4hIkZC11Aeqp7bcE72clzB0BnDXr2SmslRA=="
    },
    "h3-js": {
      "version": "3.7.0",
      "resolved": "https://registry.npmjs.org/h3-js/-/h3-js-3.7.0.tgz",
      "integrity": "sha512-EcH/qGU4khZsAEG39Uu8MvaCing0JFcuoe3K4Xmg5MofDIu1cNJl7z2AQS8ggvXGxboiLJqsGirhEqFKdd2gAA=="
    },
    "hammerjs": {
      "version": "2.0.8",
      "resolved": "https://registry.npmjs.org/hammerjs/-/hammerjs-2.0.8.tgz",
      "integrity": "sha1-BO93hiz/K7edMPdpIJWTAiK/YPE="
    },
    "ieee754": {
      "version": "1.2.1",
      "resolved": "https://registry.npmjs.org/ieee754/-/ieee754-1.2.1.tgz",
      "integrity": "sha512-dcyqhDvX1C46lXZcVqCpK+FtMRQVdIMN6/Df5js2zouUsqG7I6sFxitIC+7KYK29KdXOLHdu9zL4sFnoVQnqaA=="
    },
    "long": {
      "version": "3.2.0",
      "resolved": "https://registry.npmjs.org/long/-/long-3.2.0.tgz",
      "integrity": "sha1-2CG3E4yhy1gcFymQ7xTbIAtcR0s="
    },
    "math.gl": {
      "version": "3.3.0",
      "resolved": "https://registry.npmjs.org/math.gl/-/math.gl-3.3.0.tgz",
      "integrity": "sha512-r9w/0se6iE+AgQfXmEPVa3Vl6B4IxNsVrtIXqi9xgLaX6vpH0vhl0h5+EmBMbZbTGWwaSXakZagAkxXjkgjVKA==",
      "requires": {
        "@math.gl/core": "3.3.0"
      }
    },
    "mjolnir.js": {
      "version": "2.4.1",
      "resolved": "https://registry.npmjs.org/mjolnir.js/-/mjolnir.js-2.4.1.tgz",
      "integrity": "sha512-bpqKc70aNlijeQCapJ8529EmjVj8VSfYdzh1WsbhWp0XEQSm9hAB6X350OyRVDpH5oTdAyX/NeYFqtwyuO4ZKA==",
      "requires": {
        "@babel/runtime": "^7.0.0",
        "hammerjs": "^2.0.8"
      }
    },
    "pbf": {
      "version": "3.2.1",
      "resolved": "https://registry.npmjs.org/pbf/-/pbf-3.2.1.tgz",
      "integrity": "sha512-ClrV7pNOn7rtmoQVF4TS1vyU0WhYRnP92fzbfF75jAIwpnzdJXf8iTd4CMEqO4yUenH6NDqLiwjqlh6QgZzgLQ==",
      "requires": {
        "ieee754": "^1.1.12",
        "resolve-protobuf-schema": "^2.1.0"
      }
    },
    "probe.gl": {
      "version": "3.3.0",
      "resolved": "https://registry.npmjs.org/probe.gl/-/probe.gl-3.3.0.tgz",
      "integrity": "sha512-59E6AEw4N8sU4PKfAl7S2UBYJCOa064WpEFcXfeFOB/36FJtplYY+261DqLjLAvOqRRHiKVEQUBo63PQ3jKeWA==",
      "requires": {
        "@babel/runtime": "^7.0.0",
        "@probe.gl/stats": "3.3.0"
      }
    },
    "protocol-buffers-schema": {
      "version": "3.4.0",
      "resolved": "https://registry.npmjs.org/protocol-buffers-schema/-/protocol-buffers-schema-3.4.0.tgz",
      "integrity": "sha512-G/2kcamPF2S49W5yaMGdIpkG6+5wZF0fzBteLKgEHjbNzqjZQ85aAs1iJGto31EJaSTkNvHs5IXuHSaTLWBAiA=="
    },
    "regenerator-runtime": {
      "version": "0.13.7",
      "resolved": "https://registry.npmjs.org/regenerator-runtime/-/regenerator-runtime-0.13.7.tgz",
      "integrity": "sha512-a54FxoJDIr27pgf7IgeQGxmqUNYrcV338lf/6gH456HZ/PhX+5BcwHXG9ajESmwe6WRO0tAzRUrRmNONWgkrew=="
    },
    "resolve-protobuf-schema": {
      "version": "2.1.0",
      "resolved": "https://registry.npmjs.org/resolve-protobuf-schema/-/resolve-protobuf-schema-2.1.0.tgz",
      "integrity": "sha512-kI5ffTiZWmJaS/huM8wZfEMer1eRd7oJQhDuxeCLe3t7N7mX3z94CN0xPxBQxFYQTSNz9T0i+v6inKqSdK8xrQ==",
      "requires": {
        "protocol-buffers-schema": "^3.3.1"
      }
    }
  }
}
